
Microsoft Visual Studio Solution File, Format Version 12.00
# Visual Studio 2015
Project("{FAE04EC0-301F-11D3-BF4B-00C04F79EFBC}") = "Greedy Snake", "Greedy Snake.csproj", "{85C6A4B1-9FCD-2A8B-0C96-59B62F59E768}"
EndProject
Global
	GlobalSection(SolutionConfigurationPlatforms) = preSolution
		Debug|Any CPU = Debug|Any CPU
		Release|Any CPU = Release|Any CPU
	EndGlobalSection
	GlobalSection(ProjectConfigurationPlatforms) = postSolution
		{85C6A4B1-9FCD-2A8B-0C96-59B62F59E768}.Debug|Any CPU.ActiveCfg = Debug|Any CPU
		{85C6A4B1-9FCD-2A8B-0C96-59B62F59E768}.Debug|Any CPU.Build.0 = Debug|Any CPU
		{85C6A4B1-9FCD-2A8B-0C96-59B62F59E768}.Release|Any CPU.ActiveCfg = Release|Any CPU
		{85C6A4B1-9FCD-2A8B-0C96-59B62F59E768}.Release|Any CPU.Build.0 = Release|Any CPU
	EndGlobalSection
	GlobalSection(SolutionProperties) = preSolution
		HideSolutionNode = FALSE
	EndGlobalSection
EndGlobal
